{
  "markbot": "4bac4a035306237f7a6c1d7fc9b74b3b1b066529f5ade69e279286a26c113cfe",
  "markbotignore": "030a4e6e1b3b6b510514a7ae54576e2c2ef762d56236c6414ef634955d96a126",
  "index.html": "16eace64e1b6278378acdeb3a12f5df910a86def2511ebe2198b731dfd726102",
  "index-1000.png": "c60664f2aca840d012550dc47951569cc303ee2c7ef9729d5e62fcd26bdfe393"
}